
Microsoft Visual Studio Solution File, Format Version 12.00
# Visual Studio 2017
Project("{FAE04EC0-301F-11D3-BF4B-00C04F79EFBC}") = "Dashscorer", "Dashscorer.csproj", "{FDD8E511-C7D0-7CE1-6DC0-16105BAAD747}"
EndProject
Project("{FAE04EC0-301F-11D3-BF4B-00C04F79EFBC}") = "Dashscorer.Editor", "Dashscorer.Editor.csproj", "{30A4864F-C6FC-84FD-A259-7C8ADDEA591B}"
EndProject
Global
	GlobalSection(SolutionConfigurationPlatforms) = preSolution
		Debug|Any CPU = Debug|Any CPU
		Release|Any CPU = Release|Any CPU
	EndGlobalSection
	GlobalSection(ProjectConfigurationPlatforms) = postSolution
		{FDD8E511-C7D0-7CE1-6DC0-16105BAAD747}.Debug|Any CPU.ActiveCfg = Debug|Any CPU
		{FDD8E511-C7D0-7CE1-6DC0-16105BAAD747}.Debug|Any CPU.Build.0 = Debug|Any CPU
		{FDD8E511-C7D0-7CE1-6DC0-16105BAAD747}.Release|Any CPU.ActiveCfg = Release|Any CPU
		{FDD8E511-C7D0-7CE1-6DC0-16105BAAD747}.Release|Any CPU.Build.0 = Release|Any CPU
		{30A4864F-C6FC-84FD-A259-7C8ADDEA591B}.Debug|Any CPU.ActiveCfg = Debug|Any CPU
		{30A4864F-C6FC-84FD-A259-7C8ADDEA591B}.Debug|Any CPU.Build.0 = Debug|Any CPU
		{30A4864F-C6FC-84FD-A259-7C8ADDEA591B}.Release|Any CPU.ActiveCfg = Release|Any CPU
		{30A4864F-C6FC-84FD-A259-7C8ADDEA591B}.Release|Any CPU.Build.0 = Release|Any CPU
	EndGlobalSection
	GlobalSection(SolutionProperties) = preSolution
		HideSolutionNode = FALSE
	EndGlobalSection
EndGlobal
